PODS:
  - Flutter (1.0.0)
  - flutter_zoom (0.0.1):
    - Flutter

DEPENDENCIES:
  - Flutter (from `Flutter`)
  - flutter_zoom (from `.symlinks/plugins/flutter_zoom/ios`)

EXTERNAL SOURCES:
  Flutter:
    :path: Flutter
  flutter_zoom:
    :path: ".symlinks/plugins/flutter_zoom/ios"

SPEC CHECKSUMS:
  Flutter: f04841e97a9d0b0a8025694d0796dd46242b2854
  flutter_zoom: 778a543cc09ec7523e99ce09062bb7a91ff92dcd

PODFILE CHECKSUM: 78353ef261219bdea04b7fd33f1403a83828bcb7

COCOAPODS: 1.11.3
